// !$*UTF8*$!
{
	archiveVersion = 1;
	classes = {
	};
	objectVersion = 46;
	objects = {

/* Begin PBXBuildFile section */
		6EE9C1591B00BB5B00D6B91C /* main.swift in Sources */ = {isa = PBXBuildFile; fileRef = 6EE9C1581B00BB5B00D6B91C /* main.swift */; };
		6EE9C1741B00BBB700D6B91C /* SwiftyTimer.swift in Sources */ = {isa = PBXBuildFile; fileRef = 6EE9C1731B00BBB700D6B91C /* SwiftyTimer.swift */; };
/* End PBXBuildFile section */

/* Begin PBXFileReference section */
		6EE9C1531B00BB5B00D6B91C /* SwiftyTimerTests.app */ = {isa = PBXFileReference; explicitFileType = wrapper.application; includeInIndex = 0; path = SwiftyTimerTests.app; sourceTree = BUILT_PRODUCTS_DIR; };
		6EE9C1571B00BB5B00D6B91C /* Info.plist */ = {isa = PBXFileReference; lastKnownFileType = text.plist.xml; path = Info.plist; sourceTree = "<group>"; };
		6EE9C1581B00BB5B00D6B91C /* main.swift */ = {isa = PBXFileReference; lastKnownFileType = sourcecode.swift; path = main.swift; sourceTree = "<group>"; };
		6EE9C1731B00BBB700D6B91C /* SwiftyTimer.swift */ = {isa = PBXFileReference; fileEncoding = 4; lastKnownFileType = sourcecode.swift; name = SwiftyTimer.swift; path = ../../Sources/SwiftyTimer.swift; sourceTree = "<group>"; };
/* End PBXFileReference section */

/* Begin PBXFrameworksBuildPhase section */
		6EE9C1501B00BB5B00D6B91C /* Frameworks */ = {
			isa = PBXFrameworksBuildPhase;
			buildActionMask = 2147483647;
			files = (
			);
			runOnlyForDeploymentPostprocessing = 0;
		};
/* End PBXFrameworksBuildPhase section */

/* Begin PBXGroup section */
		6EE9C14A1B00BB5B00D6B91C = {
			isa = PBXGroup;
			children = (
				6EE9C1551B00BB5B00D6B91C /* SwiftyTimerTests */,
				6EE9C1541B00BB5B00D6B91C /* Products */,
			);
			sourceTree = "<group>";
		};
		6EE9C1541B00BB5B00D6B91C /* Products */ = {
			isa = PBXGroup;
			children = (
				6EE9C1531B00BB5B00D6B91C /* SwiftyTimerTests.app */,
			);
			name = Products;
			sourceTree = "<group>";
		};
		6EE9C1551B00BB5B00D6B91C /* SwiftyTimerTests */ = {
			isa = PBXGroup;
			children = (
				6EE9C1731B00BBB700D6B91C /* SwiftyTimer.swift */,
				6EE9C1581B00BB5B00D6B91C /* main.swift */,
				6EE9C1561B00BB5B00D6B91C /* Supporting Files */,
			);
			path = SwiftyTimerTests;
			sourceTree = "<group>";
		};
		6EE9C1561B00BB5B00D6B91C /* Supporting Files */ = {
			isa = PBXGroup;
			children = (
				6EE9C1571B00BB5B00D6B91C /* Info.plist */,
			);
			name = "Supporting Files";
			sourceTree = "<group>";
		};
/* End PBXGroup section */

/* Begin PBXNativeTarget section */
		6EE9C1521B00BB5B00D6B91C /* SwiftyTimerTests */ = {
			isa = PBXNativeTarget;
			buildConfigurationList = 6EE9C16D1B00BB5B00D6B91C /* Build configuration list for PBXNativeTarget "SwiftyTimerTests" */;
			buildPhases = (
				6EE9C14F1B00BB5B00D6B91C /* Sources */,
				6EE9C1501B00BB5B00D6B91C /* Frameworks */,
				6EE9C1511B00BB5B00D6B91C /* Resources */,
			);
			buildRules = (
			);
			dependencies = (
			);
			name = SwiftyTimerTests;
			productName = SwiftyTimerTests;
			productReference = 6EE9C1531B00BB5B00D6B91C /* SwiftyTimerTests.app */;
			productType = "com.apple.product-type.application";
		};
/* End PBXNativeTarget section */

/* Begin PBXProject section */
		6EE9C14B1B00BB5B00D6B91C /* Project object */ = {
			isa = PBXProject;
			attributes = {
				LastSwiftUpdateCheck = 0700;
				LastUpgradeCheck = 0800;
				TargetAttributes = {
					6EE9C1521B00BB5B00D6B91C = {
						CreatedOnToolsVersion = 6.4;
						LastSwiftMigration = 0800;
					};
				};
			};
			buildConfigurationList = 6EE9C14E1B00BB5B00D6B91C /* Build configuration list for PBXProject "SwiftyTimerTests" */;
			compatibilityVersion = "Xcode 3.2";
			developmentRegion = English;
			hasScannedForEncodings = 0;
			knownRegions = (
				en,
				Base,
			);
			mainGroup = 6EE9C14A1B00BB5B00D6B91C;
			productRefGroup = 6EE9C1541B00BB5B00D6B91C /* Products */;
			projectDirPath = "";
			projectRoot = "";
			targets = (
				6EE9C1521B00BB5B00D6B91C /* SwiftyTimerTests */,
			);
		};
/* End PBXProject section */

/* Begin PBXResourcesBuildPhase section */
		6EE9C1511B00BB5B00D6B91C /* Resources */ = {
			isa = PBXResourcesBuildPhase;
			buildActionMask = 2147483647;
			files = (
			);
			runOnlyForDeploymentPostprocessing = 0;
		};
/* End PBXResourcesBuildPhase section */

/* Begin PBXSourcesBuildPhase section */
		6EE9C14F1B00BB5B00D6B91C /* Sources */ = {
			isa = PBXSourcesBuildPhase;
			buildActionMask = 2147483647;
			files = (
				6EE9C1591B00BB5B00D6B91C /* main.swift in Sources */,
				6EE9C1741B00BBB700D6B91C /* SwiftyTimer.swift in Sources */,
			);
			runOnlyForDeploymentPostprocessing = 0;
		};
/* End PBXSourcesBuildPhase section */

/* Begin XCBuildConfiguration section */
		6EE9C16B1B00BB5B00D6B91C /* Debug */ = {
			isa = XCBuildConfiguration;
			buildSettings = {
				ALWAYS_SEARCH_USER_PATHS = NO;
				CLANG_CXX_LANGUAGE_STANDARD = "gnu++0x";
				CLANG_CXX_LIBRARY = "libc++";
				CLANG_ENABLE_MODULES = YES;
				CLANG_ENABLE_OBJC_ARC = YES;
				CLANG_WARN_BOOL_CONVERSION = YES;
				CLANG_WARN_CONSTANT_CONVERSION = YES;
				CLANG_WARN_DIRECT_OBJC_ISA_USAGE = YES_ERROR;
				CLANG_WARN_EMPTY_BODY = YES;
				CLANG_WARN_ENUM_CONVERSION = YES;
				CLANG_WARN_INFINITE_RECURSION = YES;
				CLANG_WARN_INT_CONVERSION = YES;
				CLANG_WARN_OBJC_ROOT_CLASS = YES_ERROR;
				CLANG_WARN_SUSPICIOUS_MOVE = YES;
				CLANG_WARN_UNREACHABLE_CODE = YES;
				CLANG_WARN__DUPLICATE_METHOD_MATCH = YES;
				CODE_SIGN_IDENTITY = "-";
				COPY_PHASE_STRIP = NO;
				DEBUG_INFORMATION_FORMAT = dwarf;
				ENABLE_STRICT_OBJC_MSGSEND = YES;
				ENABLE_TESTABILITY = YES;
				GCC_C_LANGUAGE_STANDARD = gnu99;
				GCC_DYNAMIC_NO_PIC = NO;
				GCC_NO_COMMON_BLOCKS = YES;
				GCC_OPTIMIZATION_LEVEL = 0;
				GCC_PREPROCESSOR_DEFINITIONS = (
					"DEBUG=1",
					"$(inherited)",
				);
				GCC_SYMBOLS_PRIVATE_EXTERN = NO;
				GCC_WARN_64_TO_32_BIT_CONVERSION = YES;
				GCC_WARN_ABOUT_RETURN_TYPE = YES_ERROR;
				GCC_WARN_UNDECLARED_SELECTOR = YES;
				GCC_WARN_UNINITIALIZED_AUTOS = YES_AGGRESSIVE;
				GCC_WARN_UNUSED_FUNCTION = YES;
				GCC_WARN_UNUSED_VARIABLE = YES;
				MACOSX_DEPLOYMENT_TARGET = 10.10;
				MTL_ENABLE_DEBUG_INFO = YES;
				ONLY_ACTIVE_ARCH = YES;
				SDKROOT = macosx;
				SWIFT_OPTIMIZATION_LEVEL = "-Onone";
				SWIFT_VERSION = 3.0;
			};
			name = Debug;
		};
		6EE9C16C1B00BB5B00D6B91C /* Release */ = {
			isa = XCBuildConfiguration;
			buildSettings = {
				ALWAYS_SEARCH_USER_PATHS = NO;
				CLANG_CXX_LANGUAGE_STANDARD = "gnu++0x";
				CLANG_CXX_LIBRARY = "libc++";
				CLANG_ENABLE_MODULES = YES;
				CLANG_ENABLE_OBJC_ARC = YES;
				CLANG_WARN_BOOL_CONVERSION = YES;
				CLANG_WARN_CONSTANT_CONVERSION = YES;
				CLANG_WARN_DIRECT_OBJC_ISA_USAGE = YES_ERROR;
				CLANG_WARN_EMPTY_BODY = YES;
				CLANG_WARN_ENUM_CONVERSION = YES;
				CLANG_WARN_INFINITE_RECURSION = YES;
				CLANG_WARN_INT_CONVERSION = YES;
				CLANG_WARN_OBJC_ROOT_CLASS = YES_ERROR;
				CLANG_WARN_SUSPICIOUS_MOVE = YES;
				CLANG_WARN_UNREACHABLE_CODE = YES;
				CLANG_WARN__DUPLICATE_METHOD_MATCH = YES;
				CODE_SIGN_IDENTITY = "-";
				COPY_PHASE_STRIP = NO;
				DEBUG_INFORMATION_FORMAT = "dwarf-with-dsym";
				ENABLE_NS_ASSERTIONS = NO;
				ENABLE_STRICT_OBJC_MSGSEND = YES;
				GCC_C_LANGUAGE_STANDARD = gnu99;
				GCC_NO_COMMON_BLOCKS = YES;
				GCC_WARN_64_TO_32_BIT_CONVERSION = YES;
				GCC_WARN_ABOUT_RETURN_TYPE = YES_ERROR;
				GCC_WARN_UNDECLARED_SELECTOR = YES;
				GCC_WARN_UNINITIALIZED_AUTOS = YES_AGGRESSIVE;
				GCC_WARN_UNUSED_FUNCTION = YES;
				GCC_WARN_UNUSED_VARIABLE = YES;
				MACOSX_DEPLOYMENT_TARGET = 10.10;
				MTL_ENABLE_DEBUG_INFO = NO;
				SDKROOT = macosx;
				SWIFT_VERSION = 3.0;
			};
			name = Release;
		};
		6EE9C16E1B00BB5B00D6B91C /* Debug */ = {
			isa = XCBuildConfiguration;
			buildSettings = {
				ASSETCATALOG_COMPILER_APPICON_NAME = AppIcon;
				COMBINE_HIDPI_IMAGES = YES;
				INFOPLIST_FILE = SwiftyTimerTests/Info.plist;
				LD_RUNPATH_SEARCH_PATHS = "$(inherited) @executable_path/../Frameworks";
				PRODUCT_BUNDLE_IDENTIFIER = "radex.$(PRODUCT_NAME:rfc1034identifier)";
				PRODUCT_NAME = "$(TARGET_NAME)";
				SWIFT_VERSION = 3.0;
			};
			name = Debug;
		};
		6EE9C16F1B00BB5B00D6B91C /* Release */ = {
			isa = XCBuildConfiguration;
			buildSettings = {
				ASSETCATALOG_COMPILER_APPICON_NAME = AppIcon;
				COMBINE_HIDPI_IMAGES = YES;
				INFOPLIST_FILE = SwiftyTimerTests/Info.plist;
				LD_RUNPATH_SEARCH_PATHS = "$(inherited) @executable_path/../Frameworks";
				PRODUCT_BUNDLE_IDENTIFIER = "radex.$(PRODUCT_NAME:rfc1034identifier)";
				PRODUCT_NAME = "$(TARGET_NAME)";
				SWIFT_OPTIMIZATION_LEVEL = "-Owholemodule";
				SWIFT_VERSION = 3.0;
			};
			name = Release;
		};
/* End XCBuildConfiguration section */

/* Begin XCConfigurationList section */
		6EE9C14E1B00BB5B00D6B91C /* Build configuration list for PBXProject "SwiftyTimerTests" */ = {
			isa = XCConfigurationList;
			buildConfigurations = (
				6EE9C16B1B00BB5B00D6B91C /* Debug */,
				6EE9C16C1B00BB5B00D6B91C /* Release */,
			);
			defaultConfigurationIsVisible = 0;
			defaultConfigurationName = Release;
		};
		6EE9C16D1B00BB5B00D6B91C /* Build configuration list for PBXNativeTarget "SwiftyTimerTests" */ = {
			isa = XCConfigurationList;
			buildConfigurations = (
				6EE9C16E1B00BB5B00D6B91C /* Debug */,
				6EE9C16F1B00BB5B00D6B91C /* Release */,
			);
			defaultConfigurationIsVisible = 0;
			defaultConfigurationName = Release;
		};
/* End XCConfigurationList section */
	};
	rootObject = 6EE9C14B1B00BB5B00D6B91C /* Project object */;
}
